
Microsoft Visual Studio Solution File, Format Version 12.00
# Visual Studio 15
Project("{FAE04EC0-301F-11D3-BF4B-00C04F79EFBC}") = "mvc-sql", "mvc-sql.csproj", "{AB567147-BC90-4ED1-A41B-9B5AE1AB4350}"
EndProject
Global
	GlobalSection(SolutionConfigurationPlatforms) = preSolution
		Debug|Any CPU = Debug|Any CPU
		Release|Any CPU = Release|Any CPU
	EndGlobalSection
	GlobalSection(ProjectConfigurationPlatforms) = postSolution
		{AB567147-BC90-4ED1-A41B-9B5AE1AB4350}.Debug|Any CPU.ActiveCfg = Debug|Any CPU
		{AB567147-BC90-4ED1-A41B-9B5AE1AB4350}.Debug|Any CPU.Build.0 = Debug|Any CPU
		{AB567147-BC90-4ED1-A41B-9B5AE1AB4350}.Release|Any CPU.ActiveCfg = Release|Any CPU
		{AB567147-BC90-4ED1-A41B-9B5AE1AB4350}.Release|Any CPU.Build.0 = Release|Any CPU
	EndGlobalSection
EndGlobal
